{
  "nodes": {
    "ciel": {
      "inputs": {
        "nix-eda": "nix-eda"
      },
      "locked": {
        "lastModified": 1764091696,
        "narHash": "sha256-AWbkHL0zO3tD0mE3dZIcj8mVND7o3imTxOpEfOtlRDI=",
        "owner": "fossi-foundation",
        "repo": "ciel",
        "rev": "afcb23d368614ffa1e7e96584ed33f839c71c576",
        "type": "github"
      },
      "original": {
        "owner": "fossi-foundation",
        "repo": "ciel",
        "type": "github"
      }
    },
    "nix-eda": {
      "inputs": {
        "nixpkgs": "nixpkgs"
      },
      "locked": {
        "lastModified": 1743562091,
        "narHash": "sha256-uoJqa3on+kDu+XxST+TfBFbCkR+md9jXrYg+qHawIxs=",
        "owner": "fossi-foundation",
        "repo": "nix-eda",
        "rev": "1e53da779fa9eed6290cd27b8e7f78196028ddfb",
        "type": "github"
      },
      "original": {
        "owner": "fossi-foundation",
        "repo": "nix-eda",
        "type": "github"
      }
    },
    "nix-eda_2": {
      "inputs": {
        "nixpkgs": [
          "nixpkgs"
        ]
      },
      "locked": {
        "lastModified": 1771325511,
        "narHash": "sha256-3rhAjY3M4pTfqqIXB2gUwWtvpvKr7IVB204tB1gsnoo=",
        "owner": "fossi-foundation",
        "repo": "nix-eda",
        "rev": "cb987dbd74f5e69ec7832d0f4105b79d17e0db57",
        "type": "github"
      },
      "original": {
        "owner": "fossi-foundation",
        "repo": "nix-eda",
        "type": "github"
      }
    },
    "nixpkgs": {
      "locked": {
        "lastModified": 1733120037,
        "narHash": "sha256-En+gSoVJ3iQKPDU1FHrR6zIxSLXKjzKY+pnh9tt+Yts=",
        "owner": "nixos",
        "repo": "nixpkgs",
        "rev": "f9f0d5c5380be0a599b1fb54641fa99af8281539",
        "type": "github"
      },
      "original": {
        "owner": "nixos",
        "ref": "nixos-24.11",
        "repo": "nixpkgs",
        "type": "github"
      }
    },
    "nixpkgs_2": {
      "locked": {
        "lastModified": 1751274312,
        "narHash": "sha256-/bVBlRpECLVzjV19t5KMdMFWSwKLtb5RyXdjz3LJT+g=",
        "owner": "NixOS",
        "repo": "nixpkgs",
        "rev": "50ab793786d9de88ee30ec4e4c24fb4236fc2674",
        "type": "github"
      },
      "original": {
        "owner": "NixOS",
        "ref": "nixos-24.11",
        "repo": "nixpkgs",
        "type": "github"
      }
    },
    "root": {
      "inputs": {
        "ciel": "ciel",
        "nix-eda": "nix-eda_2",
        "nixpkgs": "nixpkgs_2"
      }
    }
  },
  "root": "root",
  "version": 7
}
